
Microsoft Visual Studio Solution File, Format Version 12.00
# Visual Studio Version 17
VisualStudioVersion = 17.1.32421.90
MinimumVisualStudioVersion = 10.0.40219.1
Project("{FAE04EC0-301F-11D3-BF4B-00C04F79EFBC}") = "E-Chat", "E-Chat\E-Chat.csproj", "{899DD61B-936B-4EEE-9758-1D92BD8AA44B}"
EndProject
Global
	GlobalSection(SolutionConfigurationPlatforms) = preSolution
		Debug|Any CPU = Debug|Any CPU
		Release|Any CPU = Release|Any CPU
	EndGlobalSection
	GlobalSection(ProjectConfigurationPlatforms) = postSolution
		{899DD61B-936B-4EEE-9758-1D92BD8AA44B}.Debug|Any CPU.ActiveCfg = Debug|Any CPU
		{899DD61B-936B-4EEE-9758-1D92BD8AA44B}.Debug|Any CPU.Build.0 = Debug|Any CPU
		{899DD61B-936B-4EEE-9758-1D92BD8AA44B}.Release|Any CPU.ActiveCfg = Release|Any CPU
		{899DD61B-936B-4EEE-9758-1D92BD8AA44B}.Release|Any CPU.Build.0 = Release|Any CPU
	EndGlobalSection
	GlobalSection(SolutionProperties) = preSolution
		HideSolutionNode = FALSE
	EndGlobalSection
	GlobalSection(ExtensibilityGlobals) = postSolution
		SolutionGuid = {B1063C4F-3FE8-4847-9320-E8E138CF7058}
	EndGlobalSection
EndGlobal
